
Microsoft Visual Studio Solution File, Format Version 12.00
# Visual Studio Version 17
VisualStudioVersion = 17.13.35818.85 d17.13
MinimumVisualStudioVersion = 10.0.40219.1
Project("{FAE04EC0-301F-11D3-BF4B-00C04F79EFBC}") = "tp10_103022300145", "tp10_103022300145\tp10_103022300145.csproj", "{81DAA442-1D05-46B3-8627-2B46A3B1D41B}"
EndProject
Global
	GlobalSection(SolutionConfigurationPlatforms) = preSolution
		Debug|Any CPU = Debug|Any CPU
		Release|Any CPU = Release|Any CPU
	EndGlobalSection
	GlobalSection(ProjectConfigurationPlatforms) = postSolution
		{81DAA442-1D05-46B3-8627-2B46A3B1D41B}.Debug|Any CPU.ActiveCfg = Debug|Any CPU
		{81DAA442-1D05-46B3-8627-2B46A3B1D41B}.Debug|Any CPU.Build.0 = Debug|Any CPU
		{81DAA442-1D05-46B3-8627-2B46A3B1D41B}.Release|Any CPU.ActiveCfg = Release|Any CPU
		{81DAA442-1D05-46B3-8627-2B46A3B1D41B}.Release|Any CPU.Build.0 = Release|Any CPU
	EndGlobalSection
	GlobalSection(SolutionProperties) = preSolution
		HideSolutionNode = FALSE
	EndGlobalSection
	GlobalSection(ExtensibilityGlobals) = postSolution
		SolutionGuid = {0A98841D-657B-4ED4-8C4D-C7973891309E}
	EndGlobalSection
EndGlobal
